
Microsoft Visual Studio Solution File, Format Version 12.00
# Visual Studio 2013
VisualStudioVersion = 12.0.31101.0
MinimumVisualStudioVersion = 10.0.40219.1
Project("{FAE04EC0-301F-11D3-BF4B-00C04F79EFBC}") = "MouseData", "MouseData\MouseData.csproj", "{32B7DE06-6B3F-4AC1-B43D-334D38B55E86}"
EndProject
Global
	GlobalSection(SolutionConfigurationPlatforms) = preSolution
		Debug|Any CPU = Debug|Any CPU
		Release|Any CPU = Release|Any CPU
	EndGlobalSection
	GlobalSection(ProjectConfigurationPlatforms) = postSolution
		{32B7DE06-6B3F-4AC1-B43D-334D38B55E86}.Debug|Any CPU.ActiveCfg = Debug|Any CPU
		{32B7DE06-6B3F-4AC1-B43D-334D38B55E86}.Debug|Any CPU.Build.0 = Debug|Any CPU
		{32B7DE06-6B3F-4AC1-B43D-334D38B55E86}.Release|Any CPU.ActiveCfg = Release|Any CPU
		{32B7DE06-6B3F-4AC1-B43D-334D38B55E86}.Release|Any CPU.Build.0 = Release|Any CPU
	EndGlobalSection
	GlobalSection(SolutionProperties) = preSolution
		HideSolutionNode = FALSE
	EndGlobalSection
EndGlobal
